
Microsoft Visual Studio Solution File, Format Version 12.00
# Visual Studio 15
VisualStudioVersion = 15.0.28307.779
MinimumVisualStudioVersion = 10.0.40219.1
Project("{FAE04EC0-301F-11D3-BF4B-00C04F79EFBC}") = "Hello", "Hello\Hello.csproj", "{8A0AD260-D53C-4F20-BEF5-EFAF7CF9A26A}"
EndProject
Global
	GlobalSection(SolutionConfigurationPlatforms) = preSolution
		Debug|Any CPU = Debug|Any CPU
		Release|Any CPU = Release|Any CPU
	EndGlobalSection
	GlobalSection(ProjectConfigurationPlatforms) = postSolution
		{8A0AD260-D53C-4F20-BEF5-EFAF7CF9A26A}.Debug|Any CPU.ActiveCfg = Debug|Any CPU
		{8A0AD260-D53C-4F20-BEF5-EFAF7CF9A26A}.Debug|Any CPU.Build.0 = Debug|Any CPU
		{8A0AD260-D53C-4F20-BEF5-EFAF7CF9A26A}.Release|Any CPU.ActiveCfg = Release|Any CPU
		{8A0AD260-D53C-4F20-BEF5-EFAF7CF9A26A}.Release|Any CPU.Build.0 = Release|Any CPU
	EndGlobalSection
	GlobalSection(SolutionProperties) = preSolution
		HideSolutionNode = FALSE
	EndGlobalSection
	GlobalSection(ExtensibilityGlobals) = postSolution
		SolutionGuid = {5EF9FB21-A3AE-4B76-8B36-EDC544B6A560}
	EndGlobalSection
EndGlobal
